github.com/odvcencio/gotreesitter v0.51.0 h1:tSAcoC1wGyCIOgXF5BgwjiTgA+UW8jW2Lb15wDyXRWk=
github.com/odvcencio/gotreesitter v0.51.0/go.mod h1:hBVkghd0paaYAVwd2087vfwdeU984bQbMo9LvpE0moo=
golang.org/x/sys v0.47.0 h1:o7XGOvZQCADBQQ4Y7VNq2dRWQR7JmOUW8Kxx4ZsNgWs=
golang.org/x/sys v0.47.0/go.mod h1:4GL1E5IUh+htKOUEOaiffhrAeqysfVGipDYzABqnCmw=
